
Microsoft Visual Studio Solution File, Format Version 12.00
# Visual Studio Version 17
VisualStudioVersion = 17.9.34607.119
MinimumVisualStudioVersion = 10.0.40219.1
Project("{FAE04EC0-301F-11D3-BF4B-00C04F79EFBC}") = "Delta.WebAPI", "Delta.WebAPI\Delta.WebAPI.csproj", "{CFDEA49D-CE05-4376-A755-809B554E148C}"
EndProject
Project("{FAE04EC0-301F-11D3-BF4B-00C04F79EFBC}") = "Delta.Domain", "Delta.Domain\Delta.Domain.csproj", "{39F83C7A-62B2-4CF0-8708-067EADD4364A}"
EndProject
Project("{FAE04EC0-301F-11D3-BF4B-00C04F79EFBC}") = "Delta.Application", "Delta.Application\Delta.Application.csproj", "{B3158CEA-C184-4724-AE1F-F2DC11C4A117}"
EndProject
Global
	GlobalSection(SolutionConfigurationPlatforms) = preSolution
		Debug|Any CPU = Debug|Any CPU
		Release|Any CPU = Release|Any CPU
	EndGlobalSection
	GlobalSection(ProjectConfigurationPlatforms) = postSolution
		{CFDEA49D-CE05-4376-A755-809B554E148C}.Debug|Any CPU.ActiveCfg = Debug|Any CPU
		{CFDEA49D-CE05-4376-A755-809B554E148C}.Debug|Any CPU.Build.0 = Debug|Any CPU
		{CFDEA49D-CE05-4376-A755-809B554E148C}.Release|Any CPU.ActiveCfg = Release|Any CPU
		{CFDEA49D-CE05-4376-A755-809B554E148C}.Release|Any CPU.Build.0 = Release|Any CPU
		{39F83C7A-62B2-4CF0-8708-067EADD4364A}.Debug|Any CPU.ActiveCfg = Debug|Any CPU
		{39F83C7A-62B2-4CF0-8708-067EADD4364A}.Debug|Any CPU.Build.0 = Debug|Any CPU
		{39F83C7A-62B2-4CF0-8708-067EADD4364A}.Release|Any CPU.ActiveCfg = Release|Any CPU
		{39F83C7A-62B2-4CF0-8708-067EADD4364A}.Release|Any CPU.Build.0 = Release|Any CPU
		{B3158CEA-C184-4724-AE1F-F2DC11C4A117}.Debug|Any CPU.ActiveCfg = Debug|Any CPU
		{B3158CEA-C184-4724-AE1F-F2DC11C4A117}.Debug|Any CPU.Build.0 = Debug|Any CPU
		{B3158CEA-C184-4724-AE1F-F2DC11C4A117}.Release|Any CPU.ActiveCfg = Release|Any CPU
		{B3158CEA-C184-4724-AE1F-F2DC11C4A117}.Release|Any CPU.Build.0 = Release|Any CPU
	EndGlobalSection
	GlobalSection(SolutionProperties) = preSolution
		HideSolutionNode = FALSE
	EndGlobalSection
	GlobalSection(ExtensibilityGlobals) = postSolution
		SolutionGuid = {0D4D9BFE-7E22-454D-877E-D2734EF0DD59}
	EndGlobalSection
EndGlobal
